
Microsoft Visual Studio Solution File, Format Version 12.00
# Visual Studio Version 17
VisualStudioVersion = 17.8.34322.80
MinimumVisualStudioVersion = 10.0.40219.1
Project("{9A19103F-16F7-4668-BE54-9A1E7A4F7556}") = "1.1", "1\1.1\1.1.csproj", "{E971E428-1875-4CCF-B140-DD6F1D7B7347}"
EndProject
Project("{9A19103F-16F7-4668-BE54-9A1E7A4F7556}") = "1.2", "1\1.2\1.2.csproj", "{B7B10ECF-107A-490F-8F2E-0FF1B27C4BC8}"
EndProject
Project("{2150E333-8FDC-42A3-9474-1A3956D46DE8}") = "1", "1", "{C3655F47-E697-4D8E-971B-4D47DE41EBB9}"
EndProject
Project("{2150E333-8FDC-42A3-9474-1A3956D46DE8}") = "2", "2", "{BBA9D650-6B03-47AC-AEAD-8155F5F54D84}"
EndProject
Project("{9A19103F-16F7-4668-BE54-9A1E7A4F7556}") = "2.1", "2\2.1\2.1.csproj", "{92FF32FF-8392-4A80-ABA4-46A0E48DF437}"
EndProject
Project("{9A19103F-16F7-4668-BE54-9A1E7A4F7556}") = "SharedFunctions", "SharedFunctions\SharedFunctions.csproj", "{559E41EB-AB9E-4F39-AF31-85A25DCB9DB0}"
EndProject
Project("{9A19103F-16F7-4668-BE54-9A1E7A4F7556}") = "2.2", "2\2.2\2.2.csproj", "{F875C30A-19E3-4C38-ADE9-FDA3692F5738}"
EndProject
Project("{2150E333-8FDC-42A3-9474-1A3956D46DE8}") = "3", "3", "{61D5BC72-669E-4C5E-8D11-DE6D4DB61935}"
EndProject
Project("{9A19103F-16F7-4668-BE54-9A1E7A4F7556}") = "3.1", "3\3.1\3.1.csproj", "{03FBBA6D-712A-44BF-9DF8-483EA06A08AC}"
EndProject
Project("{FAE04EC0-301F-11D3-BF4B-00C04F79EFBC}") = "3.2", "3\3.2\3.2.csproj", "{443657AF-9F08-47C0-B6A4-80BBB0DF2BF0}"
EndProject
Global
	GlobalSection(SolutionConfigurationPlatforms) = preSolution
		Debug|Any CPU = Debug|Any CPU
		Release|Any CPU = Release|Any CPU
	EndGlobalSection
	GlobalSection(ProjectConfigurationPlatforms) = postSolution
		{E971E428-1875-4CCF-B140-DD6F1D7B7347}.Debug|Any CPU.ActiveCfg = Debug|Any CPU
		{E971E428-1875-4CCF-B140-DD6F1D7B7347}.Debug|Any CPU.Build.0 = Debug|Any CPU
		{E971E428-1875-4CCF-B140-DD6F1D7B7347}.Release|Any CPU.ActiveCfg = Release|Any CPU
		{E971E428-1875-4CCF-B140-DD6F1D7B7347}.Release|Any CPU.Build.0 = Release|Any CPU
		{B7B10ECF-107A-490F-8F2E-0FF1B27C4BC8}.Debug|Any CPU.ActiveCfg = Debug|Any CPU
		{B7B10ECF-107A-490F-8F2E-0FF1B27C4BC8}.Debug|Any CPU.Build.0 = Debug|Any CPU
		{B7B10ECF-107A-490F-8F2E-0FF1B27C4BC8}.Release|Any CPU.ActiveCfg = Release|Any CPU
		{B7B10ECF-107A-490F-8F2E-0FF1B27C4BC8}.Release|Any CPU.Build.0 = Release|Any CPU
		{92FF32FF-8392-4A80-ABA4-46A0E48DF437}.Debug|Any CPU.ActiveCfg = Debug|Any CPU
		{92FF32FF-8392-4A80-ABA4-46A0E48DF437}.Debug|Any CPU.Build.0 = Debug|Any CPU
		{92FF32FF-8392-4A80-ABA4-46A0E48DF437}.Release|Any CPU.ActiveCfg = Release|Any CPU
		{92FF32FF-8392-4A80-ABA4-46A0E48DF437}.Release|Any CPU.Build.0 = Release|Any CPU
		{559E41EB-AB9E-4F39-AF31-85A25DCB9DB0}.Debug|Any CPU.ActiveCfg = Debug|Any CPU
		{559E41EB-AB9E-4F39-AF31-85A25DCB9DB0}.Debug|Any CPU.Build.0 = Debug|Any CPU
		{559E41EB-AB9E-4F39-AF31-85A25DCB9DB0}.Release|Any CPU.ActiveCfg = Release|Any CPU
		{559E41EB-AB9E-4F39-AF31-85A25DCB9DB0}.Release|Any CPU.Build.0 = Release|Any CPU
		{F875C30A-19E3-4C38-ADE9-FDA3692F5738}.Debug|Any CPU.ActiveCfg = Debug|Any CPU
		{F875C30A-19E3-4C38-ADE9-FDA3692F5738}.Debug|Any CPU.Build.0 = Debug|Any CPU
		{F875C30A-19E3-4C38-ADE9-FDA3692F5738}.Release|Any CPU.ActiveCfg = Release|Any CPU
		{F875C30A-19E3-4C38-ADE9-FDA3692F5738}.Release|Any CPU.Build.0 = Release|Any CPU
		{03FBBA6D-712A-44BF-9DF8-483EA06A08AC}.Debug|Any CPU.ActiveCfg = Debug|Any CPU
		{03FBBA6D-712A-44BF-9DF8-483EA06A08AC}.Debug|Any CPU.Build.0 = Debug|Any CPU
		{03FBBA6D-712A-44BF-9DF8-483EA06A08AC}.Release|Any CPU.ActiveCfg = Release|Any CPU
		{03FBBA6D-712A-44BF-9DF8-483EA06A08AC}.Release|Any CPU.Build.0 = Release|Any CPU
		{443657AF-9F08-47C0-B6A4-80BBB0DF2BF0}.Debug|Any CPU.ActiveCfg = Debug|Any CPU
		{443657AF-9F08-47C0-B6A4-80BBB0DF2BF0}.Debug|Any CPU.Build.0 = Debug|Any CPU
		{443657AF-9F08-47C0-B6A4-80BBB0DF2BF0}.Release|Any CPU.ActiveCfg = Release|Any CPU
		{443657AF-9F08-47C0-B6A4-80BBB0DF2BF0}.Release|Any CPU.Build.0 = Release|Any CPU
	EndGlobalSection
	GlobalSection(SolutionProperties) = preSolution
		HideSolutionNode = FALSE
	EndGlobalSection
	GlobalSection(NestedProjects) = preSolution
		{E971E428-1875-4CCF-B140-DD6F1D7B7347} = {C3655F47-E697-4D8E-971B-4D47DE41EBB9}
		{B7B10ECF-107A-490F-8F2E-0FF1B27C4BC8} = {C3655F47-E697-4D8E-971B-4D47DE41EBB9}
		{92FF32FF-8392-4A80-ABA4-46A0E48DF437} = {BBA9D650-6B03-47AC-AEAD-8155F5F54D84}
		{F875C30A-19E3-4C38-ADE9-FDA3692F5738} = {BBA9D650-6B03-47AC-AEAD-8155F5F54D84}
		{03FBBA6D-712A-44BF-9DF8-483EA06A08AC} = {61D5BC72-669E-4C5E-8D11-DE6D4DB61935}
		{443657AF-9F08-47C0-B6A4-80BBB0DF2BF0} = {61D5BC72-669E-4C5E-8D11-DE6D4DB61935}
	EndGlobalSection
	GlobalSection(ExtensibilityGlobals) = postSolution
		SolutionGuid = {1A5B9DA5-E1C3-4F46-A7FC-1A2CE58FAA60}
	EndGlobalSection
EndGlobal
